
Microsoft Visual Studio Solution File, Format Version 12.00
# Visual Studio Version 16
VisualStudioVersion = 16.0.31515.178
MinimumVisualStudioVersion = 10.0.40219.1
Project("{FAE04EC0-301F-11D3-BF4B-00C04F79EFBC}") = "DesprendibleTrabajador1.2", "DesprendibleTrabajador1.2\DesprendibleTrabajador1.2.csproj", "{9C741352-57E5-43F7-A38A-00FF9E7B743C}"
EndProject
Global
	GlobalSection(SolutionConfigurationPlatforms) = preSolution
		Debug|Any CPU = Debug|Any CPU
		Release|Any CPU = Release|Any CPU
	EndGlobalSection
	GlobalSection(ProjectConfigurationPlatforms) = postSolution
		{9C741352-57E5-43F7-A38A-00FF9E7B743C}.Debug|Any CPU.ActiveCfg = Debug|Any CPU
		{9C741352-57E5-43F7-A38A-00FF9E7B743C}.Debug|Any CPU.Build.0 = Debug|Any CPU
		{9C741352-57E5-43F7-A38A-00FF9E7B743C}.Release|Any CPU.ActiveCfg = Release|Any CPU
		{9C741352-57E5-43F7-A38A-00FF9E7B743C}.Release|Any CPU.Build.0 = Release|Any CPU
	EndGlobalSection
	GlobalSection(SolutionProperties) = preSolution
		HideSolutionNode = FALSE
	EndGlobalSection
	GlobalSection(ExtensibilityGlobals) = postSolution
		SolutionGuid = {7CC0550B-144F-4FA9-B9C2-861B96779500}
	EndGlobalSection
EndGlobal
